{
  "object": {
    "pins": [
      {
        "package": "AnyCodable",
        "repositoryURL": "https://github.com/Flight-School/AnyCodable",
        "state": {
          "branch": null,
          "revision": "b1a7a8a6186f2fcb28f7bda67cfc545de48b3c80",
          "version": "0.6.2"
        }
      },
      {
        "package": "BlinkKit",
        "repositoryURL": "https://github.com/grigorye/BlinkKit",
        "state": {
          "branch": "master",
          "revision": "7224badf471687b9444c102918e8eb553dc5ded0",
          "version": null
        }
      },
      {
        "package": "BlinkOpenAPI",
        "repositoryURL": "https://github.com/grigorye/BlinkOpenAPI-Swift",
        "state": {
          "branch": "master",
          "revision": "0a315cfde4fb801f0e66ccca17ec805377c036ee",
          "version": null
        }
      },
      {
        "package": "GETracing",
        "repositoryURL": "https://github.com/grigorye/GETracing",
        "state": {
          "branch": "master",
          "revision": "86ba1be97e0124475f1d36ff050ec94910abe5e2",
          "version": null
        }
      },
      {
        "package": "OpenCombine",
        "repositoryURL": "https://github.com/OpenCombine/OpenCombine.git",
        "state": {
          "branch": null,
          "revision": "28993ae57de5a4ea7e164787636cafad442d568c",
          "version": "0.12.0"
        }
      },
      {
        "package": "swift-argument-parser",
        "repositoryURL": "https://github.com/apple/swift-argument-parser",
        "state": {
          "branch": null,
          "revision": "6b2aa2748a7881eebb9f84fb10c01293e15b52ca",
          "version": "0.5.0"
        }
      }
    ]
  },
  "version": 1
}
