{
  "object": {
    "pins": [
      {
        "package": "BlinkKit",
        "repositoryURL": "https://github.com/grigorye/BlinkKit",
        "state": {
          "branch": "master",
          "revision": "ba0bdbd882a058a2876f3fd43d462468d9cc6c72",
          "version": null
        }
      },
      {
        "package": "BlinkOpenAPI",
        "repositoryURL": "https://github.com/grigorye/BlinkOpenAPI-Swift",
        "state": {
          "branch": "master",
          "revision": "90a72dacacc9556d659e68d50a791dd91f1801b1",
          "version": null
        }
      },
      {
        "package": "GETracing",
        "repositoryURL": "https://github.com/grigorye/GETracing",
        "state": {
          "branch": "master",
          "revision": "dcec96410d5e15edc79edfc5f1e7ec58aed81b7d",
          "version": null
        }
      },
      {
        "package": "OpenCombine",
        "repositoryURL": "https://github.com/OpenCombine/OpenCombine.git",
        "state": {
          "branch": null,
          "revision": "28993ae57de5a4ea7e164787636cafad442d568c",
          "version": "0.12.0"
        }
      },
      {
        "package": "swift-argument-parser",
        "repositoryURL": "https://github.com/apple/swift-argument-parser",
        "state": {
          "branch": null,
          "revision": "831ed5e860a70e745bc1337830af4786b2576881",
          "version": "0.4.1"
        }
      }
    ]
  },
  "version": 1
}
