{
  "object": {
    "pins": [
      {
        "package": "BlinkKit",
        "repositoryURL": "https://github.com/grigorye/BlinkKit",
        "state": {
          "branch": "master",
          "revision": "9de7042ee1c939ba2f087708a1cad7f6e133e2ce",
          "version": null
        }
      },
      {
        "package": "BlinkOpenAPI",
        "repositoryURL": "https://github.com/grigorye/BlinkOpenAPI-Swift",
        "state": {
          "branch": "master",
          "revision": "e8cdebcc6294b7871340ccfd444da5c1354e0e87",
          "version": null
        }
      },
      {
        "package": "GETracing",
        "repositoryURL": "https://github.com/grigorye/GETracing",
        "state": {
          "branch": "master",
          "revision": "dcec96410d5e15edc79edfc5f1e7ec58aed81b7d",
          "version": null
        }
      },
      {
        "package": "OpenCombine",
        "repositoryURL": "https://github.com/OpenCombine/OpenCombine.git",
        "state": {
          "branch": null,
          "revision": "915a7efaf596058f9867ba76b08339740c47452e",
          "version": "0.10.1"
        }
      },
      {
        "package": "swift-argument-parser",
        "repositoryURL": "https://github.com/apple/swift-argument-parser",
        "state": {
          "branch": null,
          "revision": "92646c0cdbaca076c8d3d0207891785b3379cbff",
          "version": "0.3.1"
        }
      }
    ]
  },
  "version": 1
}
